
Microsoft Visual Studio Solution File, Format Version 12.00
# Visual Studio Version 16
VisualStudioVersion = 16.0.31911.196
MinimumVisualStudioVersion = 10.0.40219.1
Project("{FAE04EC0-301F-11D3-BF4B-00C04F79EFBC}") = "WSVenta_PabloAlvear", "WSVenta_PabloAlvear\WSVenta_PabloAlvear.csproj", "{DAB5633E-BCBD-461B-899C-0C8DAD792A3E}"
EndProject
Global
	GlobalSection(SolutionConfigurationPlatforms) = preSolution
		Debug|Any CPU = Debug|Any CPU
		Release|Any CPU = Release|Any CPU
	EndGlobalSection
	GlobalSection(ProjectConfigurationPlatforms) = postSolution
		{DAB5633E-BCBD-461B-899C-0C8DAD792A3E}.Debug|Any CPU.ActiveCfg = Debug|Any CPU
		{DAB5633E-BCBD-461B-899C-0C8DAD792A3E}.Debug|Any CPU.Build.0 = Debug|Any CPU
		{DAB5633E-BCBD-461B-899C-0C8DAD792A3E}.Release|Any CPU.ActiveCfg = Release|Any CPU
		{DAB5633E-BCBD-461B-899C-0C8DAD792A3E}.Release|Any CPU.Build.0 = Release|Any CPU
	EndGlobalSection
	GlobalSection(SolutionProperties) = preSolution
		HideSolutionNode = FALSE
	EndGlobalSection
	GlobalSection(ExtensibilityGlobals) = postSolution
		SolutionGuid = {11C3B1C1-D419-4411-B4E0-2EFAAE9BDB81}
	EndGlobalSection
EndGlobal
